
Microsoft Visual Studio Solution File, Format Version 12.00
# Visual Studio Version 17
VisualStudioVersion = 17.6.33723.286
MinimumVisualStudioVersion = 10.0.40219.1
Project("{FAE04EC0-301F-11D3-BF4B-00C04F79EFBC}") = "Metotlar", "Metotlar\Metotlar.csproj", "{3C97F142-0F7D-4074-B542-2460E888F063}"
EndProject
Project("{FAE04EC0-301F-11D3-BF4B-00C04F79EFBC}") = "Matematik", "Matematik\Matematik.csproj", "{01FD432E-1565-4522-8A72-1A1872C9B413}"
EndProject
Project("{FAE04EC0-301F-11D3-BF4B-00C04F79EFBC}") = "DegerVeReferansTipler", "DegerVeReferansTipler\DegerVeReferansTipler.csproj", "{EE8CD5F1-63E1-4AE8-907D-009F92F5E813}"
EndProject
Global
	GlobalSection(SolutionConfigurationPlatforms) = preSolution
		Debug|Any CPU = Debug|Any CPU
		Release|Any CPU = Release|Any CPU
	EndGlobalSection
	GlobalSection(ProjectConfigurationPlatforms) = postSolution
		{3C97F142-0F7D-4074-B542-2460E888F063}.Debug|Any CPU.ActiveCfg = Debug|Any CPU
		{3C97F142-0F7D-4074-B542-2460E888F063}.Debug|Any CPU.Build.0 = Debug|Any CPU
		{3C97F142-0F7D-4074-B542-2460E888F063}.Release|Any CPU.ActiveCfg = Release|Any CPU
		{3C97F142-0F7D-4074-B542-2460E888F063}.Release|Any CPU.Build.0 = Release|Any CPU
		{01FD432E-1565-4522-8A72-1A1872C9B413}.Debug|Any CPU.ActiveCfg = Debug|Any CPU
		{01FD432E-1565-4522-8A72-1A1872C9B413}.Debug|Any CPU.Build.0 = Debug|Any CPU
		{01FD432E-1565-4522-8A72-1A1872C9B413}.Release|Any CPU.ActiveCfg = Release|Any CPU
		{01FD432E-1565-4522-8A72-1A1872C9B413}.Release|Any CPU.Build.0 = Release|Any CPU
		{EE8CD5F1-63E1-4AE8-907D-009F92F5E813}.Debug|Any CPU.ActiveCfg = Debug|Any CPU
		{EE8CD5F1-63E1-4AE8-907D-009F92F5E813}.Debug|Any CPU.Build.0 = Debug|Any CPU
		{EE8CD5F1-63E1-4AE8-907D-009F92F5E813}.Release|Any CPU.ActiveCfg = Release|Any CPU
		{EE8CD5F1-63E1-4AE8-907D-009F92F5E813}.Release|Any CPU.Build.0 = Release|Any CPU
	EndGlobalSection
	GlobalSection(SolutionProperties) = preSolution
		HideSolutionNode = FALSE
	EndGlobalSection
	GlobalSection(ExtensibilityGlobals) = postSolution
		SolutionGuid = {46EDB53B-778A-4E7F-B199-FE1520857974}
	EndGlobalSection
EndGlobal
